
Microsoft Visual Studio Solution File, Format Version 12.00
# Visual Studio Version 17
VisualStudioVersion = 17.5.002.0
MinimumVisualStudioVersion = 10.0.40219.1
Project("{9A19103F-16F7-4668-BE54-9A1E7A4F7556}") = "HelloWorldApp", "HelloWorldApp.csproj", "{CDEB8C41-EE68-401A-91BE-9E48163BE951}"
EndProject
Global
	GlobalSection(SolutionConfigurationPlatforms) = preSolution
		Debug|Any CPU = Debug|Any CPU
		Release|Any CPU = Release|Any CPU
	EndGlobalSection
	GlobalSection(ProjectConfigurationPlatforms) = postSolution
		{CDEB8C41-EE68-401A-91BE-9E48163BE951}.Debug|Any CPU.ActiveCfg = Debug|Any CPU
		{CDEB8C41-EE68-401A-91BE-9E48163BE951}.Debug|Any CPU.Build.0 = Debug|Any CPU
		{CDEB8C41-EE68-401A-91BE-9E48163BE951}.Release|Any CPU.ActiveCfg = Release|Any CPU
		{CDEB8C41-EE68-401A-91BE-9E48163BE951}.Release|Any CPU.Build.0 = Release|Any CPU
	EndGlobalSection
	GlobalSection(SolutionProperties) = preSolution
		HideSolutionNode = FALSE
	EndGlobalSection
	GlobalSection(ExtensibilityGlobals) = postSolution
		SolutionGuid = {9EB58F93-42D2-4459-9A37-286358158230}
	EndGlobalSection
EndGlobal
